# generated by rye
# use `rye lock` or `rye sync` to update this lockfile
#
# last locked with the following flags:
#   pre: false
#   features: []
#   all-features: true
#   with-sources: false
#   generate-hashes: false
#   universal: true

-e file:.
appdirs==1.4.4
    # via pint
certifi==2024.8.30
    # via pyogrio
    # via pyproj
    # via roseau-load-flow
contourpy==1.3.0
    # via matplotlib
cycler==0.12.1
    # via matplotlib
flexcache==0.3
    # via pint
flexparser==0.3.1
    # via pint
fonttools==4.54.1
    # via matplotlib
geopandas==1.0.1
    # via roseau-load-flow
kiwisolver==1.4.7
    # via matplotlib
matplotlib==3.9.2
    # via roseau-load-flow
networkx==3.4.1
    # via roseau-load-flow
numpy==2.1.2
    # via contourpy
    # via geopandas
    # via matplotlib
    # via pandas
    # via pyogrio
    # via roseau-load-flow
    # via roseau-load-flow-engine
    # via shapely
packaging==24.1
    # via geopandas
    # via matplotlib
    # via pyogrio
pandas==2.2.3
    # via geopandas
    # via roseau-load-flow
pillow==10.4.0
    # via matplotlib
pint==0.24.3
    # via roseau-load-flow
platformdirs==4.3.6
    # via roseau-load-flow
pyogrio==0.10.0
    # via geopandas
pyparsing==3.1.4
    # via matplotlib
pyproj==3.7.0
    # via geopandas
    # via roseau-load-flow
python-dateutil==2.9.0.post0
    # via matplotlib
    # via pandas
pytz==2024.2
    # via pandas
regex==2024.9.11
    # via roseau-load-flow
roseau-load-flow-engine==0.15.0
    # via roseau-load-flow
shapely==2.0.6
    # via geopandas
    # via roseau-load-flow
six==1.16.0
    # via python-dateutil
typing-extensions==4.12.2
    # via flexcache
    # via flexparser
    # via pint
    # via roseau-load-flow
tzdata==2024.2
    # via pandas
